
Microsoft Visual Studio Solution File, Format Version 12.00
# Visual Studio Version 17
VisualStudioVersion = 17.0.32014.148
MinimumVisualStudioVersion = 10.0.40219.1
Project("{9A19103F-16F7-4668-BE54-9A1E7A4F7556}") = "TaskFive", "TaskFive\TaskFive.csproj", "{A92301E0-34D6-4038-82BB-D68F8AB7C005}"
EndProject
Project("{00D1A9C2-B5F0-4AF3-8072-F6C62B433612}") = "DbTask", "DbTask\DbTask.sqlproj", "{B5BC9481-A345-4C9E-A084-473DF93DB60D}"
EndProject
Global
	GlobalSection(SolutionConfigurationPlatforms) = preSolution
		Debug|Any CPU = Debug|Any CPU
		Release|Any CPU = Release|Any CPU
	EndGlobalSection
	GlobalSection(ProjectConfigurationPlatforms) = postSolution
		{A92301E0-34D6-4038-82BB-D68F8AB7C005}.Debug|Any CPU.ActiveCfg = Debug|Any CPU
		{A92301E0-34D6-4038-82BB-D68F8AB7C005}.Debug|Any CPU.Build.0 = Debug|Any CPU
		{A92301E0-34D6-4038-82BB-D68F8AB7C005}.Release|Any CPU.ActiveCfg = Release|Any CPU
		{A92301E0-34D6-4038-82BB-D68F8AB7C005}.Release|Any CPU.Build.0 = Release|Any CPU
		{B5BC9481-A345-4C9E-A084-473DF93DB60D}.Debug|Any CPU.ActiveCfg = Debug|Any CPU
		{B5BC9481-A345-4C9E-A084-473DF93DB60D}.Debug|Any CPU.Build.0 = Debug|Any CPU
		{B5BC9481-A345-4C9E-A084-473DF93DB60D}.Debug|Any CPU.Deploy.0 = Debug|Any CPU
		{B5BC9481-A345-4C9E-A084-473DF93DB60D}.Release|Any CPU.ActiveCfg = Release|Any CPU
		{B5BC9481-A345-4C9E-A084-473DF93DB60D}.Release|Any CPU.Build.0 = Release|Any CPU
		{B5BC9481-A345-4C9E-A084-473DF93DB60D}.Release|Any CPU.Deploy.0 = Release|Any CPU
	EndGlobalSection
	GlobalSection(SolutionProperties) = preSolution
		HideSolutionNode = FALSE
	EndGlobalSection
	GlobalSection(ExtensibilityGlobals) = postSolution
		SolutionGuid = {1F02C86A-7156-4F62-8FB1-13A8BF2D3693}
	EndGlobalSection
EndGlobal
